
Microsoft Visual Studio Solution File, Format Version 12.00
# Visual Studio 2013
VisualStudioVersion = 12.0.30501.0
MinimumVisualStudioVersion = 10.0.40219.1
Project("{FAE04EC0-301F-11D3-BF4B-00C04F79EFBC}") = "UnitTestApp1", "UnitTestApp1\UnitTestApp1.csproj", "{C1522E88-9929-47F0-848B-5F635698E300}"
EndProject
Global
	GlobalSection(SolutionConfigurationPlatforms) = preSolution
		Debug|Any CPU = Debug|Any CPU
		Release|Any CPU = Release|Any CPU
	EndGlobalSection
	GlobalSection(ProjectConfigurationPlatforms) = postSolution
		{C1522E88-9929-47F0-848B-5F635698E300}.Debug|Any CPU.ActiveCfg = Debug|Any CPU
		{C1522E88-9929-47F0-848B-5F635698E300}.Debug|Any CPU.Build.0 = Debug|Any CPU
		{C1522E88-9929-47F0-848B-5F635698E300}.Debug|Any CPU.Deploy.0 = Debug|Any CPU
		{C1522E88-9929-47F0-848B-5F635698E300}.Release|Any CPU.ActiveCfg = Release|Any CPU
		{C1522E88-9929-47F0-848B-5F635698E300}.Release|Any CPU.Build.0 = Release|Any CPU
		{C1522E88-9929-47F0-848B-5F635698E300}.Release|Any CPU.Deploy.0 = Release|Any CPU
	EndGlobalSection
	GlobalSection(SolutionProperties) = preSolution
		HideSolutionNode = FALSE
	EndGlobalSection
EndGlobal
